
Microsoft Visual Studio Solution File, Format Version 12.00
# Visual Studio 14
VisualStudioVersion = 14.0.25420.1
MinimumVisualStudioVersion = 10.0.40219.1
Project("{2150E333-8FDC-42A3-9474-1A3956D46DE8}") = "CommonProjects", "CommonProjects", "{340145D4-5568-49A0-9A78-5F08036C4902}"
EndProject
Project("{2150E333-8FDC-42A3-9474-1A3956D46DE8}") = "MicroServices", "MicroServices", "{D1D723E8-DCF2-4DF5-B9F6-512648E3808A}"
EndProject
Project("{2150E333-8FDC-42A3-9474-1A3956D46DE8}") = "Customer", "Customer", "{E746DD6B-E201-48DB-98BE-57C31E973ECF}"
EndProject
Project("{FAE04EC0-301F-11D3-BF4B-00C04F79EFBC}") = "Ms", "MicroServices\Customer\Ms\Ms.csproj", "{48D8A3B4-43FF-4341-8B92-B2FBCBC72A8C}"
EndProject
Project("{FAE04EC0-301F-11D3-BF4B-00C04F79EFBC}") = "Gen", "CommonProjects\Gen\Gen.csproj", "{1F2121C3-252B-42C6-96B2-6DCB27147D30}"
EndProject
Global
	GlobalSection(SolutionConfigurationPlatforms) = preSolution
		Debug|Any CPU = Debug|Any CPU
		Release|Any CPU = Release|Any CPU
	EndGlobalSection
	GlobalSection(ProjectConfigurationPlatforms) = postSolution
		{48D8A3B4-43FF-4341-8B92-B2FBCBC72A8C}.Debug|Any CPU.ActiveCfg = Debug|Any CPU
		{48D8A3B4-43FF-4341-8B92-B2FBCBC72A8C}.Debug|Any CPU.Build.0 = Debug|Any CPU
		{48D8A3B4-43FF-4341-8B92-B2FBCBC72A8C}.Release|Any CPU.ActiveCfg = Release|Any CPU
		{48D8A3B4-43FF-4341-8B92-B2FBCBC72A8C}.Release|Any CPU.Build.0 = Release|Any CPU
		{1F2121C3-252B-42C6-96B2-6DCB27147D30}.Debug|Any CPU.ActiveCfg = Debug|Any CPU
		{1F2121C3-252B-42C6-96B2-6DCB27147D30}.Debug|Any CPU.Build.0 = Debug|Any CPU
		{1F2121C3-252B-42C6-96B2-6DCB27147D30}.Release|Any CPU.ActiveCfg = Release|Any CPU
		{1F2121C3-252B-42C6-96B2-6DCB27147D30}.Release|Any CPU.Build.0 = Release|Any CPU
	EndGlobalSection
	GlobalSection(SolutionProperties) = preSolution
		HideSolutionNode = FALSE
	EndGlobalSection
	GlobalSection(NestedProjects) = preSolution
		{E746DD6B-E201-48DB-98BE-57C31E973ECF} = {D1D723E8-DCF2-4DF5-B9F6-512648E3808A}
		{48D8A3B4-43FF-4341-8B92-B2FBCBC72A8C} = {E746DD6B-E201-48DB-98BE-57C31E973ECF}
		{1F2121C3-252B-42C6-96B2-6DCB27147D30} = {340145D4-5568-49A0-9A78-5F08036C4902}
	EndGlobalSection
EndGlobal
